{
  "name": "performance-tests-rich-text",
  "version": "1.0.0",
  "lockfileVersion": 1,
  "requires": true,
  "dependencies": {
    "ckeditor4": {
      "version": "4.17.2",
      "resolved": "https://awseu-bld03p.pebblepad.co.uk/ckeditor4/-/ckeditor4-4.17.2.tgz",
      "integrity": "sha512-YgBaKNJbWvYbgTNhKDLTjsqCLBNwzDbN5OhsMm+I/mtDCuO/Nu6S/jAvlwHozy12uFPMCeOM7n4rGZ4gEJgOgg=="
    },
    "tinymce": {
      "version": "6.0.1",
      "resolved": "https://registry.npmjs.org/tinymce/-/tinymce-6.0.1.tgz",
      "integrity": "sha512-+y3Lhm65GFs87gUfKuSWm2JA6ULHCC29trof4umIk2+TT+ql2poSsqsmRCSPN4elEo4EssIgEPFVRyPvrS/pDg=="
    }
  }
}
